
Microsoft Visual Studio Solution File, Format Version 12.00
# Visual Studio 15
VisualStudioVersion = 15.0.26124.0
MinimumVisualStudioVersion = 15.0.26124.0
Project("{FAE04EC0-301F-11D3-BF4B-00C04F79EFBC}") = "SignalRadio.Web.UI", "SignalRadio.Web.UI\SignalRadio.Web.UI.csproj", "{BDCC67B4-E4F9-4E83-9DCA-37266469BD73}"
EndProject
Project("{FAE04EC0-301F-11D3-BF4B-00C04F79EFBC}") = "SignalRadio.Web.Api", "SignalRadio.Web.Api\SignalRadio.Web.Api.csproj", "{078A7497-3BD3-41DE-BD1E-5DF09387C8CD}"
EndProject
Project("{FAE04EC0-301F-11D3-BF4B-00C04F79EFBC}") = "SignalRadio.LiquidBridge", "SignalRadio.LiquidBridge\SignalRadio.LiquidBridge.csproj", "{CAF3CBF5-BCB9-4903-AA1E-B5099B84CCFC}"
EndProject
Global
	GlobalSection(SolutionConfigurationPlatforms) = preSolution
		Debug|Any CPU = Debug|Any CPU
		Debug|x64 = Debug|x64
		Debug|x86 = Debug|x86
		Release|Any CPU = Release|Any CPU
		Release|x64 = Release|x64
		Release|x86 = Release|x86
	EndGlobalSection
	GlobalSection(SolutionProperties) = preSolution
		HideSolutionNode = FALSE
	EndGlobalSection
	GlobalSection(ProjectConfigurationPlatforms) = postSolution
		{BDCC67B4-E4F9-4E83-9DCA-37266469BD73}.Debug|Any CPU.ActiveCfg = Debug|Any CPU
		{BDCC67B4-E4F9-4E83-9DCA-37266469BD73}.Debug|Any CPU.Build.0 = Debug|Any CPU
		{BDCC67B4-E4F9-4E83-9DCA-37266469BD73}.Debug|x64.ActiveCfg = Debug|Any CPU
		{BDCC67B4-E4F9-4E83-9DCA-37266469BD73}.Debug|x64.Build.0 = Debug|Any CPU
		{BDCC67B4-E4F9-4E83-9DCA-37266469BD73}.Debug|x86.ActiveCfg = Debug|Any CPU
		{BDCC67B4-E4F9-4E83-9DCA-37266469BD73}.Debug|x86.Build.0 = Debug|Any CPU
		{BDCC67B4-E4F9-4E83-9DCA-37266469BD73}.Release|Any CPU.ActiveCfg = Release|Any CPU
		{BDCC67B4-E4F9-4E83-9DCA-37266469BD73}.Release|Any CPU.Build.0 = Release|Any CPU
		{BDCC67B4-E4F9-4E83-9DCA-37266469BD73}.Release|x64.ActiveCfg = Release|Any CPU
		{BDCC67B4-E4F9-4E83-9DCA-37266469BD73}.Release|x64.Build.0 = Release|Any CPU
		{BDCC67B4-E4F9-4E83-9DCA-37266469BD73}.Release|x86.ActiveCfg = Release|Any CPU
		{BDCC67B4-E4F9-4E83-9DCA-37266469BD73}.Release|x86.Build.0 = Release|Any CPU
		{078A7497-3BD3-41DE-BD1E-5DF09387C8CD}.Debug|Any CPU.ActiveCfg = Debug|Any CPU
		{078A7497-3BD3-41DE-BD1E-5DF09387C8CD}.Debug|Any CPU.Build.0 = Debug|Any CPU
		{078A7497-3BD3-41DE-BD1E-5DF09387C8CD}.Debug|x64.ActiveCfg = Debug|Any CPU
		{078A7497-3BD3-41DE-BD1E-5DF09387C8CD}.Debug|x64.Build.0 = Debug|Any CPU
		{078A7497-3BD3-41DE-BD1E-5DF09387C8CD}.Debug|x86.ActiveCfg = Debug|Any CPU
		{078A7497-3BD3-41DE-BD1E-5DF09387C8CD}.Debug|x86.Build.0 = Debug|Any CPU
		{078A7497-3BD3-41DE-BD1E-5DF09387C8CD}.Release|Any CPU.ActiveCfg = Release|Any CPU
		{078A7497-3BD3-41DE-BD1E-5DF09387C8CD}.Release|Any CPU.Build.0 = Release|Any CPU
		{078A7497-3BD3-41DE-BD1E-5DF09387C8CD}.Release|x64.ActiveCfg = Release|Any CPU
		{078A7497-3BD3-41DE-BD1E-5DF09387C8CD}.Release|x64.Build.0 = Release|Any CPU
		{078A7497-3BD3-41DE-BD1E-5DF09387C8CD}.Release|x86.ActiveCfg = Release|Any CPU
		{078A7497-3BD3-41DE-BD1E-5DF09387C8CD}.Release|x86.Build.0 = Release|Any CPU
		{CAF3CBF5-BCB9-4903-AA1E-B5099B84CCFC}.Debug|Any CPU.ActiveCfg = Debug|Any CPU
		{CAF3CBF5-BCB9-4903-AA1E-B5099B84CCFC}.Debug|Any CPU.Build.0 = Debug|Any CPU
		{CAF3CBF5-BCB9-4903-AA1E-B5099B84CCFC}.Debug|x64.ActiveCfg = Debug|Any CPU
		{CAF3CBF5-BCB9-4903-AA1E-B5099B84CCFC}.Debug|x64.Build.0 = Debug|Any CPU
		{CAF3CBF5-BCB9-4903-AA1E-B5099B84CCFC}.Debug|x86.ActiveCfg = Debug|Any CPU
		{CAF3CBF5-BCB9-4903-AA1E-B5099B84CCFC}.Debug|x86.Build.0 = Debug|Any CPU
		{CAF3CBF5-BCB9-4903-AA1E-B5099B84CCFC}.Release|Any CPU.ActiveCfg = Release|Any CPU
		{CAF3CBF5-BCB9-4903-AA1E-B5099B84CCFC}.Release|Any CPU.Build.0 = Release|Any CPU
		{CAF3CBF5-BCB9-4903-AA1E-B5099B84CCFC}.Release|x64.ActiveCfg = Release|Any CPU
		{CAF3CBF5-BCB9-4903-AA1E-B5099B84CCFC}.Release|x64.Build.0 = Release|Any CPU
		{CAF3CBF5-BCB9-4903-AA1E-B5099B84CCFC}.Release|x86.ActiveCfg = Release|Any CPU
		{CAF3CBF5-BCB9-4903-AA1E-B5099B84CCFC}.Release|x86.Build.0 = Release|Any CPU
	EndGlobalSection
EndGlobal
