
Microsoft Visual Studio Solution File, Format Version 12.00
# Visual Studio 15
VisualStudioVersion = 15.0.26124.0
MinimumVisualStudioVersion = 15.0.26124.0
Project("{FAE04EC0-301F-11D3-BF4B-00C04F79EFBC}") = "SignalRadio.Web.UI", "SignalRadio.Web.UI\SignalRadio.Web.UI.csproj", "{BDCC67B4-E4F9-4E83-9DCA-37266469BD73}"
EndProject
Project("{FAE04EC0-301F-11D3-BF4B-00C04F79EFBC}") = "SignalRadio.Web.Api", "SignalRadio.Web.Api\SignalRadio.Web.Api.csproj", "{078A7497-3BD3-41DE-BD1E-5DF09387C8CD}"
EndProject
Project("{FAE04EC0-301F-11D3-BF4B-00C04F79EFBC}") = "SignalRadio.LiquidBridge", "SignalRadio.LiquidBridge\SignalRadio.LiquidBridge.csproj", "{CAF3CBF5-BCB9-4903-AA1E-B5099B84CCFC}"
EndProject
Project("{FAE04EC0-301F-11D3-BF4B-00C04F79EFBC}") = "SignalRadio.Web.Client", "SignalRadio.Web.Client\SignalRadio.Web.Client.csproj", "{E85913F7-079D-4D5A-B6DC-2B785FBBFB4F}"
EndProject
Project("{FAE04EC0-301F-11D3-BF4B-00C04F79EFBC}") = "SignalRadio.Public.Lib", "SignalRadio.Public.Lib\SignalRadio.Public.Lib.csproj", "{D5E98DCE-A2B3-4A05-8AC5-979B12C89827}"
EndProject
Project("{FAE04EC0-301F-11D3-BF4B-00C04F79EFBC}") = "SignalRadio.Database.EF", "SignalRadio.Database.EF\SignalRadio.Database.EF.csproj", "{7A9ADB86-51D2-46EF-A9C4-F6B99D2848F5}"
EndProject
Project("{FAE04EC0-301F-11D3-BF4B-00C04F79EFBC}") = "SignalRadio.Web.Client.Test", "SignalRadio.Web.Client.Test\SignalRadio.Web.Client.Test.csproj", "{72A75337-591F-417B-BAB6-829E3D5C9612}"
EndProject
Project("{FAE04EC0-301F-11D3-BF4B-00C04F79EFBC}") = "SignalRadio.LiquidBridge.Test", "SignalRadio.LiquidBridge.Test\SignalRadio.LiquidBridge.Test.csproj", "{B9A6A46D-E551-4C4C-8AEC-B29540FDE2B0}"
EndProject
Global
	GlobalSection(SolutionConfigurationPlatforms) = preSolution
		Debug|Any CPU = Debug|Any CPU
		Debug|x64 = Debug|x64
		Debug|x86 = Debug|x86
		Release|Any CPU = Release|Any CPU
		Release|x64 = Release|x64
		Release|x86 = Release|x86
	EndGlobalSection
	GlobalSection(SolutionProperties) = preSolution
		HideSolutionNode = FALSE
	EndGlobalSection
	GlobalSection(ProjectConfigurationPlatforms) = postSolution
		{BDCC67B4-E4F9-4E83-9DCA-37266469BD73}.Debug|Any CPU.ActiveCfg = Debug|Any CPU
		{BDCC67B4-E4F9-4E83-9DCA-37266469BD73}.Debug|Any CPU.Build.0 = Debug|Any CPU
		{BDCC67B4-E4F9-4E83-9DCA-37266469BD73}.Debug|x64.ActiveCfg = Debug|Any CPU
		{BDCC67B4-E4F9-4E83-9DCA-37266469BD73}.Debug|x64.Build.0 = Debug|Any CPU
		{BDCC67B4-E4F9-4E83-9DCA-37266469BD73}.Debug|x86.ActiveCfg = Debug|Any CPU
		{BDCC67B4-E4F9-4E83-9DCA-37266469BD73}.Debug|x86.Build.0 = Debug|Any CPU
		{BDCC67B4-E4F9-4E83-9DCA-37266469BD73}.Release|Any CPU.ActiveCfg = Release|Any CPU
		{BDCC67B4-E4F9-4E83-9DCA-37266469BD73}.Release|Any CPU.Build.0 = Release|Any CPU
		{BDCC67B4-E4F9-4E83-9DCA-37266469BD73}.Release|x64.ActiveCfg = Release|Any CPU
		{BDCC67B4-E4F9-4E83-9DCA-37266469BD73}.Release|x64.Build.0 = Release|Any CPU
		{BDCC67B4-E4F9-4E83-9DCA-37266469BD73}.Release|x86.ActiveCfg = Release|Any CPU
		{BDCC67B4-E4F9-4E83-9DCA-37266469BD73}.Release|x86.Build.0 = Release|Any CPU
		{078A7497-3BD3-41DE-BD1E-5DF09387C8CD}.Debug|Any CPU.ActiveCfg = Debug|Any CPU
		{078A7497-3BD3-41DE-BD1E-5DF09387C8CD}.Debug|Any CPU.Build.0 = Debug|Any CPU
		{078A7497-3BD3-41DE-BD1E-5DF09387C8CD}.Debug|x64.ActiveCfg = Debug|Any CPU
		{078A7497-3BD3-41DE-BD1E-5DF09387C8CD}.Debug|x64.Build.0 = Debug|Any CPU
		{078A7497-3BD3-41DE-BD1E-5DF09387C8CD}.Debug|x86.ActiveCfg = Debug|Any CPU
		{078A7497-3BD3-41DE-BD1E-5DF09387C8CD}.Debug|x86.Build.0 = Debug|Any CPU
		{078A7497-3BD3-41DE-BD1E-5DF09387C8CD}.Release|Any CPU.ActiveCfg = Release|Any CPU
		{078A7497-3BD3-41DE-BD1E-5DF09387C8CD}.Release|Any CPU.Build.0 = Release|Any CPU
		{078A7497-3BD3-41DE-BD1E-5DF09387C8CD}.Release|x64.ActiveCfg = Release|Any CPU
		{078A7497-3BD3-41DE-BD1E-5DF09387C8CD}.Release|x64.Build.0 = Release|Any CPU
		{078A7497-3BD3-41DE-BD1E-5DF09387C8CD}.Release|x86.ActiveCfg = Release|Any CPU
		{078A7497-3BD3-41DE-BD1E-5DF09387C8CD}.Release|x86.Build.0 = Release|Any CPU
		{CAF3CBF5-BCB9-4903-AA1E-B5099B84CCFC}.Debug|Any CPU.ActiveCfg = Debug|Any CPU
		{CAF3CBF5-BCB9-4903-AA1E-B5099B84CCFC}.Debug|Any CPU.Build.0 = Debug|Any CPU
		{CAF3CBF5-BCB9-4903-AA1E-B5099B84CCFC}.Debug|x64.ActiveCfg = Debug|Any CPU
		{CAF3CBF5-BCB9-4903-AA1E-B5099B84CCFC}.Debug|x64.Build.0 = Debug|Any CPU
		{CAF3CBF5-BCB9-4903-AA1E-B5099B84CCFC}.Debug|x86.ActiveCfg = Debug|Any CPU
		{CAF3CBF5-BCB9-4903-AA1E-B5099B84CCFC}.Debug|x86.Build.0 = Debug|Any CPU
		{CAF3CBF5-BCB9-4903-AA1E-B5099B84CCFC}.Release|Any CPU.ActiveCfg = Release|Any CPU
		{CAF3CBF5-BCB9-4903-AA1E-B5099B84CCFC}.Release|Any CPU.Build.0 = Release|Any CPU
		{CAF3CBF5-BCB9-4903-AA1E-B5099B84CCFC}.Release|x64.ActiveCfg = Release|Any CPU
		{CAF3CBF5-BCB9-4903-AA1E-B5099B84CCFC}.Release|x64.Build.0 = Release|Any CPU
		{CAF3CBF5-BCB9-4903-AA1E-B5099B84CCFC}.Release|x86.ActiveCfg = Release|Any CPU
		{CAF3CBF5-BCB9-4903-AA1E-B5099B84CCFC}.Release|x86.Build.0 = Release|Any CPU
		{E85913F7-079D-4D5A-B6DC-2B785FBBFB4F}.Debug|Any CPU.ActiveCfg = Debug|Any CPU
		{E85913F7-079D-4D5A-B6DC-2B785FBBFB4F}.Debug|Any CPU.Build.0 = Debug|Any CPU
		{E85913F7-079D-4D5A-B6DC-2B785FBBFB4F}.Debug|x64.ActiveCfg = Debug|Any CPU
		{E85913F7-079D-4D5A-B6DC-2B785FBBFB4F}.Debug|x64.Build.0 = Debug|Any CPU
		{E85913F7-079D-4D5A-B6DC-2B785FBBFB4F}.Debug|x86.ActiveCfg = Debug|Any CPU
		{E85913F7-079D-4D5A-B6DC-2B785FBBFB4F}.Debug|x86.Build.0 = Debug|Any CPU
		{E85913F7-079D-4D5A-B6DC-2B785FBBFB4F}.Release|Any CPU.ActiveCfg = Release|Any CPU
		{E85913F7-079D-4D5A-B6DC-2B785FBBFB4F}.Release|Any CPU.Build.0 = Release|Any CPU
		{E85913F7-079D-4D5A-B6DC-2B785FBBFB4F}.Release|x64.ActiveCfg = Release|Any CPU
		{E85913F7-079D-4D5A-B6DC-2B785FBBFB4F}.Release|x64.Build.0 = Release|Any CPU
		{E85913F7-079D-4D5A-B6DC-2B785FBBFB4F}.Release|x86.ActiveCfg = Release|Any CPU
		{E85913F7-079D-4D5A-B6DC-2B785FBBFB4F}.Release|x86.Build.0 = Release|Any CPU
		{D5E98DCE-A2B3-4A05-8AC5-979B12C89827}.Debug|Any CPU.ActiveCfg = Debug|Any CPU
		{D5E98DCE-A2B3-4A05-8AC5-979B12C89827}.Debug|Any CPU.Build.0 = Debug|Any CPU
		{D5E98DCE-A2B3-4A05-8AC5-979B12C89827}.Debug|x64.ActiveCfg = Debug|Any CPU
		{D5E98DCE-A2B3-4A05-8AC5-979B12C89827}.Debug|x64.Build.0 = Debug|Any CPU
		{D5E98DCE-A2B3-4A05-8AC5-979B12C89827}.Debug|x86.ActiveCfg = Debug|Any CPU
		{D5E98DCE-A2B3-4A05-8AC5-979B12C89827}.Debug|x86.Build.0 = Debug|Any CPU
		{D5E98DCE-A2B3-4A05-8AC5-979B12C89827}.Release|Any CPU.ActiveCfg = Release|Any CPU
		{D5E98DCE-A2B3-4A05-8AC5-979B12C89827}.Release|Any CPU.Build.0 = Release|Any CPU
		{D5E98DCE-A2B3-4A05-8AC5-979B12C89827}.Release|x64.ActiveCfg = Release|Any CPU
		{D5E98DCE-A2B3-4A05-8AC5-979B12C89827}.Release|x64.Build.0 = Release|Any CPU
		{D5E98DCE-A2B3-4A05-8AC5-979B12C89827}.Release|x86.ActiveCfg = Release|Any CPU
		{D5E98DCE-A2B3-4A05-8AC5-979B12C89827}.Release|x86.Build.0 = Release|Any CPU
		{7A9ADB86-51D2-46EF-A9C4-F6B99D2848F5}.Debug|Any CPU.ActiveCfg = Debug|Any CPU
		{7A9ADB86-51D2-46EF-A9C4-F6B99D2848F5}.Debug|Any CPU.Build.0 = Debug|Any CPU
		{7A9ADB86-51D2-46EF-A9C4-F6B99D2848F5}.Debug|x64.ActiveCfg = Debug|Any CPU
		{7A9ADB86-51D2-46EF-A9C4-F6B99D2848F5}.Debug|x64.Build.0 = Debug|Any CPU
		{7A9ADB86-51D2-46EF-A9C4-F6B99D2848F5}.Debug|x86.ActiveCfg = Debug|Any CPU
		{7A9ADB86-51D2-46EF-A9C4-F6B99D2848F5}.Debug|x86.Build.0 = Debug|Any CPU
		{7A9ADB86-51D2-46EF-A9C4-F6B99D2848F5}.Release|Any CPU.ActiveCfg = Release|Any CPU
		{7A9ADB86-51D2-46EF-A9C4-F6B99D2848F5}.Release|Any CPU.Build.0 = Release|Any CPU
		{7A9ADB86-51D2-46EF-A9C4-F6B99D2848F5}.Release|x64.ActiveCfg = Release|Any CPU
		{7A9ADB86-51D2-46EF-A9C4-F6B99D2848F5}.Release|x64.Build.0 = Release|Any CPU
		{7A9ADB86-51D2-46EF-A9C4-F6B99D2848F5}.Release|x86.ActiveCfg = Release|Any CPU
		{7A9ADB86-51D2-46EF-A9C4-F6B99D2848F5}.Release|x86.Build.0 = Release|Any CPU
		{72A75337-591F-417B-BAB6-829E3D5C9612}.Debug|Any CPU.ActiveCfg = Debug|Any CPU
		{72A75337-591F-417B-BAB6-829E3D5C9612}.Debug|Any CPU.Build.0 = Debug|Any CPU
		{72A75337-591F-417B-BAB6-829E3D5C9612}.Debug|x64.ActiveCfg = Debug|Any CPU
		{72A75337-591F-417B-BAB6-829E3D5C9612}.Debug|x64.Build.0 = Debug|Any CPU
		{72A75337-591F-417B-BAB6-829E3D5C9612}.Debug|x86.ActiveCfg = Debug|Any CPU
		{72A75337-591F-417B-BAB6-829E3D5C9612}.Debug|x86.Build.0 = Debug|Any CPU
		{72A75337-591F-417B-BAB6-829E3D5C9612}.Release|Any CPU.ActiveCfg = Release|Any CPU
		{72A75337-591F-417B-BAB6-829E3D5C9612}.Release|Any CPU.Build.0 = Release|Any CPU
		{72A75337-591F-417B-BAB6-829E3D5C9612}.Release|x64.ActiveCfg = Release|Any CPU
		{72A75337-591F-417B-BAB6-829E3D5C9612}.Release|x64.Build.0 = Release|Any CPU
		{72A75337-591F-417B-BAB6-829E3D5C9612}.Release|x86.ActiveCfg = Release|Any CPU
		{72A75337-591F-417B-BAB6-829E3D5C9612}.Release|x86.Build.0 = Release|Any CPU
		{B9A6A46D-E551-4C4C-8AEC-B29540FDE2B0}.Debug|Any CPU.ActiveCfg = Debug|Any CPU
		{B9A6A46D-E551-4C4C-8AEC-B29540FDE2B0}.Debug|Any CPU.Build.0 = Debug|Any CPU
		{B9A6A46D-E551-4C4C-8AEC-B29540FDE2B0}.Debug|x64.ActiveCfg = Debug|Any CPU
		{B9A6A46D-E551-4C4C-8AEC-B29540FDE2B0}.Debug|x64.Build.0 = Debug|Any CPU
		{B9A6A46D-E551-4C4C-8AEC-B29540FDE2B0}.Debug|x86.ActiveCfg = Debug|Any CPU
		{B9A6A46D-E551-4C4C-8AEC-B29540FDE2B0}.Debug|x86.Build.0 = Debug|Any CPU
		{B9A6A46D-E551-4C4C-8AEC-B29540FDE2B0}.Release|Any CPU.ActiveCfg = Release|Any CPU
		{B9A6A46D-E551-4C4C-8AEC-B29540FDE2B0}.Release|Any CPU.Build.0 = Release|Any CPU
		{B9A6A46D-E551-4C4C-8AEC-B29540FDE2B0}.Release|x64.ActiveCfg = Release|Any CPU
		{B9A6A46D-E551-4C4C-8AEC-B29540FDE2B0}.Release|x64.Build.0 = Release|Any CPU
		{B9A6A46D-E551-4C4C-8AEC-B29540FDE2B0}.Release|x86.ActiveCfg = Release|Any CPU
		{B9A6A46D-E551-4C4C-8AEC-B29540FDE2B0}.Release|x86.Build.0 = Release|Any CPU
	EndGlobalSection
EndGlobal
